// !$*UTF8*$!
{
	archiveVersion = 1;
	classes = {
	};
	objectVersion = 46;
	objects = {

/* Begin PBXBuildFile section */
		0A6EBFC5010BAF7C9EA68C43 /* libPods-Postid.a in Frameworks */ = {isa = PBXBuildFile; fileRef = 1FE7C13E299049ACF2795577 /* libPods-Postid.a */; };
		D296F597D57F6D06772E222F /* libPods-PostidTests.a in Frameworks */ = {isa = PBXBuildFile; fileRef = 97D1180256A4FD99C03E62DB /* libPods-PostidTests.a */; };
		D41615E11B88297800320977 /* HTTPManager.m in Sources */ = {isa = PBXBuildFile; fileRef = D41615E01B88297800320977 /* HTTPManager.m */; };
		D41615E41B882B8E00320977 /* PostidManager.m in Sources */ = {isa = PBXBuildFile; fileRef = D41615E31B882B8E00320977 /* PostidManager.m */; };
		D41615E71B882BA100320977 /* PostidApi.m in Sources */ = {isa = PBXBuildFile; fileRef = D41615E61B882BA100320977 /* PostidApi.m */; };
		D41615EB1B882BF400320977 /* User.m in Sources */ = {isa = PBXBuildFile; fileRef = D41615EA1B882BF400320977 /* User.m */; };
		D41615EE1B8AA02600320977 /* CameraViewController.m in Sources */ = {isa = PBXBuildFile; fileRef = D41615ED1B8AA02600320977 /* CameraViewController.m */; };
		D41615F01B8AD3F300320977 /* AVFoundation.framework in Frameworks */ = {isa = PBXBuildFile; fileRef = D41615EF1B8AD3F300320977 /* AVFoundation.framework */; };
		D416160D1B8AD4F700320977 /* CameraSessionView.m in Sources */ = {isa = PBXBuildFile; fileRef = D41615F41B8AD4F700320977 /* CameraSessionView.m */; };
		D416160E1B8AD4F700320977 /* CameraDismissButton.m in Sources */ = {isa = PBXBuildFile; fileRef = D41615F81B8AD4F700320977 /* CameraDismissButton.m */; };
		D416160F1B8AD4F700320977 /* CameraFlashButton.m in Sources */ = {isa = PBXBuildFile; fileRef = D41615FA1B8AD4F700320977 /* CameraFlashButton.m */; };
		D41616101B8AD4F700320977 /* CameraFocalReticule.m in Sources */ = {isa = PBXBuildFile; fileRef = D41615FC1B8AD4F700320977 /* CameraFocalReticule.m */; };
		D41616111B8AD4F700320977 /* CameraShutterButton.m in Sources */ = {isa = PBXBuildFile; fileRef = D41615FE1B8AD4F700320977 /* CameraShutterButton.m */; };
		D41616121B8AD4F700320977 /* CameraToggleButton.m in Sources */ = {isa = PBXBuildFile; fileRef = D41616001B8AD4F700320977 /* CameraToggleButton.m */; };
		D41616131B8AD4F700320977 /* LaunchCameraButton.m in Sources */ = {isa = PBXBuildFile; fileRef = D41616021B8AD4F700320977 /* LaunchCameraButton.m */; };
		D41616141B8AD4F700320977 /* Cool Camera Mockup.sketch in Resources */ = {isa = PBXBuildFile; fileRef = D41616031B8AD4F700320977 /* Cool Camera Mockup.sketch */; };
		D41616151B8AD4F700320977 /* PaintCodeFile.pcvd in Resources */ = {isa = PBXBuildFile; fileRef = D41616041B8AD4F700320977 /* PaintCodeFile.pcvd */; };
		D41616161B8AD4F700320977 /* CameraStyleKitClass.m in Sources */ = {isa = PBXBuildFile; fileRef = D41616071B8AD4F700320977 /* CameraStyleKitClass.m */; };
		D41616171B8AD4F700320977 /* CaptureSessionManager.m in Sources */ = {isa = PBXBuildFile; fileRef = D416160A1B8AD4F700320977 /* CaptureSessionManager.m */; };
		D41616181B8AD4F700320977 /* Constants.m in Sources */ = {isa = PBXBuildFile; fileRef = D416160C1B8AD4F700320977 /* Constants.m */; };
		D43A0FE61BAFB95500CCDA07 /* AddPostCell.m in Sources */ = {isa = PBXBuildFile; fileRef = D43A0FE51BAFB95500CCDA07 /* AddPostCell.m */; settings = {ASSET_TAGS = (); }; };
		D43A0FE91BAFBA8200CCDA07 /* PostSelectorViewController.m in Sources */ = {isa = PBXBuildFile; fileRef = D43A0FE81BAFBA8200CCDA07 /* PostSelectorViewController.m */; settings = {ASSET_TAGS = (); }; };
		D44EE92E1B8BED3F0091D1D5 /* ProfileViewController.m in Sources */ = {isa = PBXBuildFile; fileRef = D44EE92D1B8BED3F0091D1D5 /* ProfileViewController.m */; };
		D45A2F3F1B9FB9E800CCB099 /* FriendSearchController.m in Sources */ = {isa = PBXBuildFile; fileRef = D45A2F3E1B9FB9E800CCB099 /* FriendSearchController.m */; };
		D47431A51B8BAAE60014C6CF /* libc++.dylib in Frameworks */ = {isa = PBXBuildFile; fileRef = D47431A41B8BAAE60014C6CF /* libc++.dylib */; };
		D48B21421B7FFF8500F8D659 /* main.m in Sources */ = {isa = PBXBuildFile; fileRef = D48B21411B7FFF8500F8D659 /* main.m */; };
		D48B21451B7FFF8500F8D659 /* AppDelegate.m in Sources */ = {isa = PBXBuildFile; fileRef = D48B21441B7FFF8500F8D659 /* AppDelegate.m */; };
		D48B214B1B7FFF8500F8D659 /* Main.storyboard in Resources */ = {isa = PBXBuildFile; fileRef = D48B21491B7FFF8500F8D659 /* Main.storyboard */; };
		D48B214D1B7FFF8500F8D659 /* Images.xcassets in Resources */ = {isa = PBXBuildFile; fileRef = D48B214C1B7FFF8500F8D659 /* Images.xcassets */; };
		D48B21501B7FFF8500F8D659 /* LaunchScreen.xib in Resources */ = {isa = PBXBuildFile; fileRef = D48B214E1B7FFF8500F8D659 /* LaunchScreen.xib */; };
		D48B215C1B7FFF8500F8D659 /* PostidTests.m in Sources */ = {isa = PBXBuildFile; fileRef = D48B215B1B7FFF8500F8D659 /* PostidTests.m */; };
		D48B21731B804A8D00F8D659 /* Minimo-Bold-Oblique.otf in Resources */ = {isa = PBXBuildFile; fileRef = D48B216B1B804A8D00F8D659 /* Minimo-Bold-Oblique.otf */; };
		D48B21741B804A8D00F8D659 /* Minimo-Bold-Oblique.otf in Resources */ = {isa = PBXBuildFile; fileRef = D48B216B1B804A8D00F8D659 /* Minimo-Bold-Oblique.otf */; };
		D48B21751B804A8D00F8D659 /* Minimo-Bold.otf in Resources */ = {isa = PBXBuildFile; fileRef = D48B216C1B804A8D00F8D659 /* Minimo-Bold.otf */; };
		D48B21761B804A8D00F8D659 /* Minimo-Bold.otf in Resources */ = {isa = PBXBuildFile; fileRef = D48B216C1B804A8D00F8D659 /* Minimo-Bold.otf */; };
		D48B21771B804A8D00F8D659 /* Minimo-Light-Oblique.otf in Resources */ = {isa = PBXBuildFile; fileRef = D48B216D1B804A8D00F8D659 /* Minimo-Light-Oblique.otf */; };
		D48B21781B804A8D00F8D659 /* Minimo-Light-Oblique.otf in Resources */ = {isa = PBXBuildFile; fileRef = D48B216D1B804A8D00F8D659 /* Minimo-Light-Oblique.otf */; };
		D48B21791B804A8D00F8D659 /* Minimo-Light.otf in Resources */ = {isa = PBXBuildFile; fileRef = D48B216E1B804A8D00F8D659 /* Minimo-Light.otf */; };
		D48B217A1B804A8D00F8D659 /* Minimo-Light.otf in Resources */ = {isa = PBXBuildFile; fileRef = D48B216E1B804A8D00F8D659 /* Minimo-Light.otf */; };
		D48B217B1B804A8D00F8D659 /* Minimo-Medium-Oblique.otf in Resources */ = {isa = PBXBuildFile; fileRef = D48B216F1B804A8D00F8D659 /* Minimo-Medium-Oblique.otf */; };
		D48B217C1B804A8D00F8D659 /* Minimo-Medium-Oblique.otf in Resources */ = {isa = PBXBuildFile; fileRef = D48B216F1B804A8D00F8D659 /* Minimo-Medium-Oblique.otf */; };
		D48B217D1B804A8D00F8D659 /* Minimo-Medium.otf in Resources */ = {isa = PBXBuildFile; fileRef = D48B21701B804A8D00F8D659 /* Minimo-Medium.otf */; };
		D48B217E1B804A8D00F8D659 /* Minimo-Medium.otf in Resources */ = {isa = PBXBuildFile; fileRef = D48B21701B804A8D00F8D659 /* Minimo-Medium.otf */; };
		D48B217F1B804A8D00F8D659 /* Minimo-Regular-Oblique.otf in Resources */ = {isa = PBXBuildFile; fileRef = D48B21711B804A8D00F8D659 /* Minimo-Regular-Oblique.otf */; };
		D48B21801B804A8D00F8D659 /* Minimo-Regular-Oblique.otf in Resources */ = {isa = PBXBuildFile; fileRef = D48B21711B804A8D00F8D659 /* Minimo-Regular-Oblique.otf */; };
		D48B21811B804A8D00F8D659 /* Minimo-Regular.otf in Resources */ = {isa = PBXBuildFile; fileRef = D48B21721B804A8D00F8D659 /* Minimo-Regular.otf */; };
		D48B21821B804A8D00F8D659 /* Minimo-Regular.otf in Resources */ = {isa = PBXBuildFile; fileRef = D48B21721B804A8D00F8D659 /* Minimo-Regular.otf */; };
		D48B21861B804DCD00F8D659 /* AppEntryViewController.m in Sources */ = {isa = PBXBuildFile; fileRef = D48B21851B804DCD00F8D659 /* AppEntryViewController.m */; };
		D48B21871B804DCD00F8D659 /* AppEntryViewController.m in Sources */ = {isa = PBXBuildFile; fileRef = D48B21851B804DCD00F8D659 /* AppEntryViewController.m */; };
		D48B218B1B810A8000F8D659 /* LoginViewController.m in Sources */ = {isa = PBXBuildFile; fileRef = D48B218A1B810A8000F8D659 /* LoginViewController.m */; };
		D48B218C1B810A8000F8D659 /* LoginViewController.m in Sources */ = {isa = PBXBuildFile; fileRef = D48B218A1B810A8000F8D659 /* LoginViewController.m */; };
		D48B218F1B810CB300F8D659 /* AppEntryTextField.m in Sources */ = {isa = PBXBuildFile; fileRef = D48B218E1B810CB300F8D659 /* AppEntryTextField.m */; };
		D48B21901B810CB300F8D659 /* AppEntryTextField.m in Sources */ = {isa = PBXBuildFile; fileRef = D48B218E1B810CB300F8D659 /* AppEntryTextField.m */; };
		D48B21941B8114CA00F8D659 /* SignUpViewController.m in Sources */ = {isa = PBXBuildFile; fileRef = D48B21931B8114CA00F8D659 /* SignUpViewController.m */; };
		D48B21951B8114CA00F8D659 /* SignUpViewController.m in Sources */ = {isa = PBXBuildFile; fileRef = D48B21931B8114CA00F8D659 /* SignUpViewController.m */; };
		D48B21991B81194100F8D659 /* Fabric.framework in Frameworks */ = {isa = PBXBuildFile; fileRef = D48B21971B81194100F8D659 /* Fabric.framework */; };
		D48B219A1B81194100F8D659 /* Crashlytics.framework in Frameworks */ = {isa = PBXBuildFile; fileRef = D48B21981B81194100F8D659 /* Crashlytics.framework */; };
		D4B50E791BA5185000DFC644 /* SearchCell.m in Sources */ = {isa = PBXBuildFile; fileRef = D4B50E781BA5185000DFC644 /* SearchCell.m */; };
		D4C7D0BA1B8AE3F3002F23B8 /* GeneralUtilities.m in Sources */ = {isa = PBXBuildFile; fileRef = D4C7D0B91B8AE3F3002F23B8 /* GeneralUtilities.m */; };
		D4DA20B31B93CEFF00C2E37C /* SearchViewController.m in Sources */ = {isa = PBXBuildFile; fileRef = D4DA20B21B93CEFF00C2E37C /* SearchViewController.m */; };
		D4DA20B71B93D07F00C2E37C /* DigitsKit.framework in Frameworks */ = {isa = PBXBuildFile; fileRef = D4DA20B41B93D07F00C2E37C /* DigitsKit.framework */; };
		D4DA20B81B93D07F00C2E37C /* DigitsKitResources.bundle in Resources */ = {isa = PBXBuildFile; fileRef = D4DA20B51B93D07F00C2E37C /* DigitsKitResources.bundle */; };
		D4DA20B91B93D07F00C2E37C /* TwitterCore.framework in Frameworks */ = {isa = PBXBuildFile; fileRef = D4DA20B61B93D07F00C2E37C /* TwitterCore.framework */; };
		D4DA20BD1B94C69300C2E37C /* GenericNavigationController.m in Sources */ = {isa = PBXBuildFile; fileRef = D4DA20BC1B94C69300C2E37C /* GenericNavigationController.m */; };
		D4DA20C01B94C80900C2E37C /* FeedCell.m in Sources */ = {isa = PBXBuildFile; fileRef = D4DA20BF1B94C80900C2E37C /* FeedCell.m */; };
		D4DA20C31B94CC9F00C2E37C /* FeedViewController.m in Sources */ = {isa = PBXBuildFile; fileRef = D4DA20C21B94CC9F00C2E37C /* FeedViewController.m */; };
		D4EA655E1B9DFCAC0074341E /* PostPreviewViewController.m in Sources */ = {isa = PBXBuildFile; fileRef = D4EA655D1B9DFCAC0074341E /* PostPreviewViewController.m */; };
/* End PBXBuildFile section */

/* Begin PBXContainerItemProxy section */
		D48B21561B7FFF8500F8D659 /* PBXContainerItemProxy */ = {
			isa = PBXContainerItemProxy;
			containerPortal = D48B21341B7FFF8500F8D659 /* Project object */;
			proxyType = 1;
			remoteGlobalIDString = D48B213B1B7FFF8500F8D659;
			remoteInfo = Postid;
		};
/* End PBXContainerItemProxy section */

/* Begin PBXFileReference section */
		1FE7C13E299049ACF2795577 /* libPods-Postid.a */ = {isa = PBXFileReference; explicitFileType = archive.ar; includeInIndex = 0; path = "libPods-Postid.a"; sourceTree = BUILT_PRODUCTS_DIR; };
		633EB326B9B49333F5F283CD /* Pods-Postid.release.xcconfig */ = {isa = PBXFileReference; includeInIndex = 1; lastKnownFileType = text.xcconfig; name = "Pods-Postid.release.xcconfig"; path = "Pods/Target Support Files/Pods-Postid/Pods-Postid.release.xcconfig"; sourceTree = "<group>"; };
		7586DEB558736E01C184A878 /* Pods-Postid.debug.xcconfig */ = {isa = PBXFileReference; includeInIndex = 1; lastKnownFileType = text.xcconfig; name = "Pods-Postid.debug.xcconfig"; path = "Pods/Target Support Files/Pods-Postid/Pods-Postid.debug.xcconfig"; sourceTree = "<group>"; };
		97D1180256A4FD99C03E62DB /* libPods-PostidTests.a */ = {isa = PBXFileReference; explicitFileType = archive.ar; includeInIndex = 0; path = "libPods-PostidTests.a"; sourceTree = BUILT_PRODUCTS_DIR; };
		C3BBBD31B7A355742133AE36 /* Pods-PostidTests.debug.xcconfig */ = {isa = PBXFileReference; includeInIndex = 1; lastKnownFileType = text.xcconfig; name = "Pods-PostidTests.debug.xcconfig"; path = "Pods/Target Support Files/Pods-PostidTests/Pods-PostidTests.debug.xcconfig"; sourceTree = "<group>"; };
		D41615DF1B88297800320977 /* HTTPManager.h */ = {isa = PBXFileReference; fileEncoding = 4; lastKnownFileType = sourcecode.c.h; name = HTTPManager.h; path = Managers/HTTPManager.h; sourceTree = "<group>"; };
		D41615E01B88297800320977 /* HTTPManager.m */ = {isa = PBXFileReference; fileEncoding = 4; lastKnownFileType = sourcecode.c.objc; name = HTTPManager.m; path = Managers/HTTPManager.m; sourceTree = "<group>"; };
		D41615E21B882B8E00320977 /* PostidManager.h */ = {isa = PBXFileReference; fileEncoding = 4; lastKnownFileType = sourcecode.c.h; name = PostidManager.h; path = Managers/PostidManager.h; sourceTree = "<group>"; };
		D41615E31B882B8E00320977 /* PostidManager.m */ = {isa = PBXFileReference; fileEncoding = 4; lastKnownFileType = sourcecode.c.objc; name = PostidManager.m; path = Managers/PostidManager.m; sourceTree = "<group>"; };
		D41615E51B882BA100320977 /* PostidApi.h */ = {isa = PBXFileReference; fileEncoding = 4; lastKnownFileType = sourcecode.c.h; path = PostidApi.h; sourceTree = "<group>"; };
		D41615E61B882BA100320977 /* PostidApi.m */ = {isa = PBXFileReference; fileEncoding = 4; lastKnownFileType = sourcecode.c.objc; path = PostidApi.m; sourceTree = "<group>"; };
		D41615E91B882BF400320977 /* User.h */ = {isa = PBXFileReference; fileEncoding = 4; lastKnownFileType = sourcecode.c.h; name = User.h; path = Models/User.h; sourceTree = "<group>"; };
		D41615EA1B882BF400320977 /* User.m */ = {isa = PBXFileReference; fileEncoding = 4; lastKnownFileType = sourcecode.c.objc; name = User.m; path = Models/User.m; sourceTree = "<group>"; };
		D41615EC1B8AA02600320977 /* CameraViewController.h */ = {isa = PBXFileReference; fileEncoding = 4; lastKnownFileType = sourcecode.c.h; name = CameraViewController.h; path = "View Controllers/CameraViewController.h"; sourceTree = "<group>"; };
		D41615ED1B8AA02600320977 /* CameraViewController.m */ = {isa = PBXFileReference; fileEncoding = 4; lastKnownFileType = sourcecode.c.objc; name = CameraViewController.m; path = "View Controllers/CameraViewController.m"; sourceTree = "<group>"; };
		D41615EF1B8AD3F300320977 /* AVFoundation.framework */ = {isa = PBXFileReference; lastKnownFileType = wrapper.framework; name = AVFoundation.framework; path = System/Library/Frameworks/AVFoundation.framework; sourceTree = SDKROOT; };
		D41615F31B8AD4F700320977 /* CameraSessionView.h */ = {isa = PBXFileReference; fileEncoding = 4; lastKnownFileType = sourcecode.c.h; path = CameraSessionView.h; sourceTree = "<group>"; };
		D41615F41B8AD4F700320977 /* CameraSessionView.m */ = {isa = PBXFileReference; fileEncoding = 4; lastKnownFileType = sourcecode.c.objc; path = CameraSessionView.m; sourceTree = "<group>"; };
		D41615F71B8AD4F700320977 /* CameraDismissButton.h */ = {isa = PBXFileReference; fileEncoding = 4; lastKnownFileType = sourcecode.c.h; path = CameraDismissButton.h; sourceTree = "<group>"; };
		D41615F81B8AD4F700320977 /* CameraDismissButton.m */ = {isa = PBXFileReference; fileEncoding = 4; lastKnownFileType = sourcecode.c.objc; path = CameraDismissButton.m; sourceTree = "<group>"; };
		D41615F91B8AD4F700320977 /* CameraFlashButton.h */ = {isa = PBXFileReference; fileEncoding = 4; lastKnownFileType = sourcecode.c.h; path = CameraFlashButton.h; sourceTree = "<group>"; };
		D41615FA1B8AD4F700320977 /* CameraFlashButton.m */ = {isa = PBXFileReference; fileEncoding = 4; lastKnownFileType = sourcecode.c.objc; path = CameraFlashButton.m; sourceTree = "<group>"; };
		D41615FB1B8AD4F700320977 /* CameraFocalReticule.h */ = {isa = PBXFileReference; fileEncoding = 4; lastKnownFileType = sourcecode.c.h; path = CameraFocalReticule.h; sourceTree = "<group>"; };
		D41615FC1B8AD4F700320977 /* CameraFocalReticule.m */ = {isa = PBXFileReference; fileEncoding = 4; lastKnownFileType = sourcecode.c.objc; path = CameraFocalReticule.m; sourceTree = "<group>"; };
		D41615FD1B8AD4F700320977 /* CameraShutterButton.h */ = {isa = PBXFileReference; fileEncoding = 4; lastKnownFileType = sourcecode.c.h; path = CameraShutterButton.h; sourceTree = "<group>"; };
		D41615FE1B8AD4F700320977 /* CameraShutterButton.m */ = {isa = PBXFileReference; fileEncoding = 4; lastKnownFileType = sourcecode.c.objc; path = CameraShutterButton.m; sourceTree = "<group>"; };
		D41615FF1B8AD4F700320977 /* CameraToggleButton.h */ = {isa = PBXFileReference; fileEncoding = 4; lastKnownFileType = sourcecode.c.h; path = CameraToggleButton.h; sourceTree = "<group>"; };
		D41616001B8AD4F700320977 /* CameraToggleButton.m */ = {isa = PBXFileReference; fileEncoding = 4; lastKnownFileType = sourcecode.c.objc; path = CameraToggleButton.m; sourceTree = "<group>"; };
		D41616011B8AD4F700320977 /* LaunchCameraButton.h */ = {isa = PBXFileReference; fileEncoding = 4; lastKnownFileType = sourcecode.c.h; path = LaunchCameraButton.h; sourceTree = "<group>"; };
		D41616021B8AD4F700320977 /* LaunchCameraButton.m */ = {isa = PBXFileReference; fileEncoding = 4; lastKnownFileType = sourcecode.c.objc; path = LaunchCameraButton.m; sourceTree = "<group>"; };
		D41616031B8AD4F700320977 /* Cool Camera Mockup.sketch */ = {isa = PBXFileReference; lastKnownFileType = file; path = "Cool Camera Mockup.sketch"; sourceTree = "<group>"; };
		D41616041B8AD4F700320977 /* PaintCodeFile.pcvd */ = {isa = PBXFileReference; lastKnownFileType = file.bplist; path = PaintCodeFile.pcvd; sourceTree = "<group>"; };
		D41616061B8AD4F700320977 /* CameraStyleKitClass.h */ = {isa = PBXFileReference; fileEncoding = 4; lastKnownFileType = sourcecode.c.h; path = CameraStyleKitClass.h; sourceTree = "<group>"; };
		D41616071B8AD4F700320977 /* CameraStyleKitClass.m */ = {isa = PBXFileReference; fileEncoding = 4; lastKnownFileType = sourcecode.c.objc; path = CameraStyleKitClass.m; sourceTree = "<group>"; };
		D41616091B8AD4F700320977 /* CaptureSessionManager.h */ = {isa = PBXFileReference; fileEncoding = 4; lastKnownFileType = sourcecode.c.h; path = CaptureSessionManager.h; sourceTree = "<group>"; };
		D416160A1B8AD4F700320977 /* CaptureSessionManager.m */ = {isa = PBXFileReference; fileEncoding = 4; lastKnownFileType = sourcecode.c.objc; path = CaptureSessionManager.m; sourceTree = "<group>"; };
		D416160B1B8AD4F700320977 /* Constants.h */ = {isa = PBXFileReference; fileEncoding = 4; lastKnownFileType = sourcecode.c.h; path = Constants.h; sourceTree = "<group>"; };
		D416160C1B8AD4F700320977 /* Constants.m */ = {isa = PBXFileReference; fileEncoding = 4; lastKnownFileType = sourcecode.c.objc; path = Constants.m; sourceTree = "<group>"; };
		D43A0FE41BAFB95500CCDA07 /* AddPostCell.h */ = {isa = PBXFileReference; fileEncoding = 4; lastKnownFileType = sourcecode.c.h; name = AddPostCell.h; path = Views/AddPostCell.h; sourceTree = "<group>"; };
		D43A0FE51BAFB95500CCDA07 /* AddPostCell.m */ = {isa = PBXFileReference; fileEncoding = 4; lastKnownFileType = sourcecode.c.objc; name = AddPostCell.m; path = Views/AddPostCell.m; sourceTree = "<group>"; };
		D43A0FE71BAFBA8200CCDA07 /* PostSelectorViewController.h */ = {isa = PBXFileReference; fileEncoding = 4; lastKnownFileType = sourcecode.c.h; name = PostSelectorViewController.h; path = "View Controllers/PostSelectorViewController.h"; sourceTree = "<group>"; };
		D43A0FE81BAFBA8200CCDA07 /* PostSelectorViewController.m */ = {isa = PBXFileReference; fileEncoding = 4; lastKnownFileType = sourcecode.c.objc; name = PostSelectorViewController.m; path = "View Controllers/PostSelectorViewController.m"; sourceTree = "<group>"; };
		D44EE92C1B8BED3F0091D1D5 /* ProfileViewController.h */ = {isa = PBXFileReference; fileEncoding = 4; lastKnownFileType = sourcecode.c.h; name = ProfileViewController.h; path = "View Controllers/ProfileViewController.h"; sourceTree = "<group>"; };
		D44EE92D1B8BED3F0091D1D5 /* ProfileViewController.m */ = {isa = PBXFileReference; fileEncoding = 4; lastKnownFileType = sourcecode.c.objc; name = ProfileViewController.m; path = "View Controllers/ProfileViewController.m"; sourceTree = "<group>"; };
		D4533EE01B8AD9DF00D2BFF4 /* Postid-PrefixHeader.pch */ = {isa = PBXFileReference; fileEncoding = 4; lastKnownFileType = sourcecode.c.h; name = "Postid-PrefixHeader.pch"; path = "Core/Postid-PrefixHeader.pch"; sourceTree = "<group>"; };
		D45A2F3D1B9FB9E800CCB099 /* FriendSearchController.h */ = {isa = PBXFileReference; fileEncoding = 4; lastKnownFileType = sourcecode.c.h; name = FriendSearchController.h; path = "View Controllers/FriendSearchController.h"; sourceTree = "<group>"; };
		D45A2F3E1B9FB9E800CCB099 /* FriendSearchController.m */ = {isa = PBXFileReference; fileEncoding = 4; lastKnownFileType = sourcecode.c.objc; name = FriendSearchController.m; path = "View Controllers/FriendSearchController.m"; sourceTree = "<group>"; };
		D47431A41B8BAAE60014C6CF /* libc++.dylib */ = {isa = PBXFileReference; lastKnownFileType = "compiled.mach-o.dylib"; name = "libc++.dylib"; path = "usr/lib/libc++.dylib"; sourceTree = SDKROOT; };
		D48B213C1B7FFF8500F8D659 /* Postid.app */ = {isa = PBXFileReference; explicitFileType = wrapper.application; includeInIndex = 0; path = Postid.app; sourceTree = BUILT_PRODUCTS_DIR; };
		D48B21401B7FFF8500F8D659 /* Info.plist */ = {isa = PBXFileReference; lastKnownFileType = text.plist.xml; path = Info.plist; sourceTree = "<group>"; };
		D48B21411B7FFF8500F8D659 /* main.m */ = {isa = PBXFileReference; lastKnownFileType = sourcecode.c.objc; path = main.m; sourceTree = "<group>"; };
		D48B21431B7FFF8500F8D659 /* AppDelegate.h */ = {isa = PBXFileReference; lastKnownFileType = sourcecode.c.h; path = AppDelegate.h; sourceTree = "<group>"; };
		D48B21441B7FFF8500F8D659 /* AppDelegate.m */ = {isa = PBXFileReference; lastKnownFileType = sourcecode.c.objc; path = AppDelegate.m; sourceTree = "<group>"; };
		D48B214A1B7FFF8500F8D659 /* Base */ = {isa = PBXFileReference; lastKnownFileType = file.storyboard; name = Base; path = Base.lproj/Main.storyboard; sourceTree = "<group>"; };
		D48B214C1B7FFF8500F8D659 /* Images.xcassets */ = {isa = PBXFileReference; lastKnownFileType = folder.assetcatalog; path = Images.xcassets; sourceTree = "<group>"; };
		D48B214F1B7FFF8500F8D659 /* Base */ = {isa = PBXFileReference; lastKnownFileType = file.xib; name = Base; path = Base.lproj/LaunchScreen.xib; sourceTree = "<group>"; };
		D48B21551B7FFF8500F8D659 /* PostidTests.xctest */ = {isa = PBXFileReference; explicitFileType = wrapper.cfbundle; includeInIndex = 0; path = PostidTests.xctest; sourceTree = BUILT_PRODUCTS_DIR; };
		D48B215A1B7FFF8500F8D659 /* Info.plist */ = {isa = PBXFileReference; lastKnownFileType = text.plist.xml; path = Info.plist; sourceTree = "<group>"; };
		D48B215B1B7FFF8500F8D659 /* PostidTests.m */ = {isa = PBXFileReference; lastKnownFileType = sourcecode.c.objc; path = PostidTests.m; sourceTree = "<group>"; };
		D48B216B1B804A8D00F8D659 /* Minimo-Bold-Oblique.otf */ = {isa = PBXFileReference; lastKnownFileType = file; path = "Minimo-Bold-Oblique.otf"; sourceTree = "<group>"; };
		D48B216C1B804A8D00F8D659 /* Minimo-Bold.otf */ = {isa = PBXFileReference; lastKnownFileType = file; path = "Minimo-Bold.otf"; sourceTree = "<group>"; };
		D48B216D1B804A8D00F8D659 /* Minimo-Light-Oblique.otf */ = {isa = PBXFileReference; lastKnownFileType = file; path = "Minimo-Light-Oblique.otf"; sourceTree = "<group>"; };
		D48B216E1B804A8D00F8D659 /* Minimo-Light.otf */ = {isa = PBXFileReference; lastKnownFileType = file; path = "Minimo-Light.otf"; sourceTree = "<group>"; };
		D48B216F1B804A8D00F8D659 /* Minimo-Medium-Oblique.otf */ = {isa = PBXFileReference; lastKnownFileType = file; path = "Minimo-Medium-Oblique.otf"; sourceTree = "<group>"; };
		D48B21701B804A8D00F8D659 /* Minimo-Medium.otf */ = {isa = PBXFileReference; lastKnownFileType = file; path = "Minimo-Medium.otf"; sourceTree = "<group>"; };
		D48B21711B804A8D00F8D659 /* Minimo-Regular-Oblique.otf */ = {isa = PBXFileReference; lastKnownFileType = file; path = "Minimo-Regular-Oblique.otf"; sourceTree = "<group>"; };
		D48B21721B804A8D00F8D659 /* Minimo-Regular.otf */ = {isa = PBXFileReference; lastKnownFileType = file; path = "Minimo-Regular.otf"; sourceTree = "<group>"; };
		D48B21841B804DCD00F8D659 /* AppEntryViewController.h */ = {isa = PBXFileReference; fileEncoding = 4; lastKnownFileType = sourcecode.c.h; name = AppEntryViewController.h; path = ../../postid/Postid/AppEntryViewController.h; sourceTree = "<group>"; };
		D48B21851B804DCD00F8D659 /* AppEntryViewController.m */ = {isa = PBXFileReference; fileEncoding = 4; lastKnownFileType = sourcecode.c.objc; name = AppEntryViewController.m; path = ../../postid/Postid/AppEntryViewController.m; sourceTree = "<group>"; };
		D48B21891B810A8000F8D659 /* LoginViewController.h */ = {isa = PBXFileReference; fileEncoding = 4; lastKnownFileType = sourcecode.c.h; name = LoginViewController.h; path = ../../postid/Postid/LoginViewController.h; sourceTree = "<group>"; };
		D48B218A1B810A8000F8D659 /* LoginViewController.m */ = {isa = PBXFileReference; fileEncoding = 4; lastKnownFileType = sourcecode.c.objc; name = LoginViewController.m; path = ../../postid/Postid/LoginViewController.m; sourceTree = "<group>"; };
		D48B218D1B810CB300F8D659 /* AppEntryTextField.h */ = {isa = PBXFileReference; fileEncoding = 4; lastKnownFileType = sourcecode.c.h; name = AppEntryTextField.h; path = ../../postid/Postid/AppEntryTextField.h; sourceTree = "<group>"; };
		D48B218E1B810CB300F8D659 /* AppEntryTextField.m */ = {isa = PBXFileReference; fileEncoding = 4; lastKnownFileType = sourcecode.c.objc; name = AppEntryTextField.m; path = ../../postid/Postid/AppEntryTextField.m; sourceTree = "<group>"; };
		D48B21921B8114CA00F8D659 /* SignUpViewController.h */ = {isa = PBXFileReference; fileEncoding = 4; lastKnownFileType = sourcecode.c.h; name = SignUpViewController.h; path = "../../postid/Postid/View Controllers/SignUpViewController.h"; sourceTree = "<group>"; };
		D48B21931B8114CA00F8D659 /* SignUpViewController.m */ = {isa = PBXFileReference; fileEncoding = 4; lastKnownFileType = sourcecode.c.objc; name = SignUpViewController.m; path = "../../postid/Postid/View Controllers/SignUpViewController.m"; sourceTree = "<group>"; };
		D48B21971B81194100F8D659 /* Fabric.framework */ = {isa = PBXFileReference; lastKnownFileType = wrapper.framework; path = Fabric.framework; sourceTree = "<group>"; };
		D48B21981B81194100F8D659 /* Crashlytics.framework */ = {isa = PBXFileReference; lastKnownFileType = wrapper.framework; path = Crashlytics.framework; sourceTree = "<group>"; };
		D4B50E771BA5185000DFC644 /* SearchCell.h */ = {isa = PBXFileReference; fileEncoding = 4; lastKnownFileType = sourcecode.c.h; name = SearchCell.h; path = Views/SearchCell.h; sourceTree = "<group>"; };
		D4B50E781BA5185000DFC644 /* SearchCell.m */ = {isa = PBXFileReference; fileEncoding = 4; lastKnownFileType = sourcecode.c.objc; name = SearchCell.m; path = Views/SearchCell.m; sourceTree = "<group>"; };
		D4C7D0B81B8AE3F3002F23B8 /* GeneralUtilities.h */ = {isa = PBXFileReference; fileEncoding = 4; lastKnownFileType = sourcecode.c.h; path = GeneralUtilities.h; sourceTree = "<group>"; };
		D4C7D0B91B8AE3F3002F23B8 /* GeneralUtilities.m */ = {isa = PBXFileReference; fileEncoding = 4; lastKnownFileType = sourcecode.c.objc; path = GeneralUtilities.m; sourceTree = "<group>"; };
		D4DA20B11B93CEFF00C2E37C /* SearchViewController.h */ = {isa = PBXFileReference; fileEncoding = 4; lastKnownFileType = sourcecode.c.h; name = SearchViewController.h; path = "View Controllers/SearchViewController.h"; sourceTree = "<group>"; };
		D4DA20B21B93CEFF00C2E37C /* SearchViewController.m */ = {isa = PBXFileReference; fileEncoding = 4; lastKnownFileType = sourcecode.c.objc; name = SearchViewController.m; path = "View Controllers/SearchViewController.m"; sourceTree = "<group>"; };
		D4DA20B41B93D07F00C2E37C /* DigitsKit.framework */ = {isa = PBXFileReference; lastKnownFileType = wrapper.framework; path = DigitsKit.framework; sourceTree = "<group>"; };
		D4DA20B51B93D07F00C2E37C /* DigitsKitResources.bundle */ = {isa = PBXFileReference; lastKnownFileType = "wrapper.plug-in"; name = DigitsKitResources.bundle; path = DigitsKit.framework/Versions/A/Resources/DigitsKitResources.bundle; sourceTree = "<group>"; };
		D4DA20B61B93D07F00C2E37C /* TwitterCore.framework */ = {isa = PBXFileReference; lastKnownFileType = wrapper.framework; path = TwitterCore.framework; sourceTree = "<group>"; };
		D4DA20BB1B94C69300C2E37C /* GenericNavigationController.h */ = {isa = PBXFileReference; fileEncoding = 4; lastKnownFileType = sourcecode.c.h; path = GenericNavigationController.h; sourceTree = "<group>"; };
		D4DA20BC1B94C69300C2E37C /* GenericNavigationController.m */ = {isa = PBXFileReference; fileEncoding = 4; lastKnownFileType = sourcecode.c.objc; path = GenericNavigationController.m; sourceTree = "<group>"; };
		D4DA20BE1B94C80900C2E37C /* FeedCell.h */ = {isa = PBXFileReference; fileEncoding = 4; lastKnownFileType = sourcecode.c.h; name = FeedCell.h; path = Views/FeedCell.h; sourceTree = "<group>"; };
		D4DA20BF1B94C80900C2E37C /* FeedCell.m */ = {isa = PBXFileReference; fileEncoding = 4; lastKnownFileType = sourcecode.c.objc; name = FeedCell.m; path = Views/FeedCell.m; sourceTree = "<group>"; };
		D4DA20C11B94CC9F00C2E37C /* FeedViewController.h */ = {isa = PBXFileReference; fileEncoding = 4; lastKnownFileType = sourcecode.c.h; name = FeedViewController.h; path = "View Controllers/FeedViewController.h"; sourceTree = "<group>"; };
		D4DA20C21B94CC9F00C2E37C /* FeedViewController.m */ = {isa = PBXFileReference; fileEncoding = 4; lastKnownFileType = sourcecode.c.objc; name = FeedViewController.m; path = "View Controllers/FeedViewController.m"; sourceTree = "<group>"; };
		D4EA655C1B9DFCAC0074341E /* PostPreviewViewController.h */ = {isa = PBXFileReference; fileEncoding = 4; lastKnownFileType = sourcecode.c.h; name = PostPreviewViewController.h; path = "View Controllers/PostPreviewViewController.h"; sourceTree = "<group>"; };
		D4EA655D1B9DFCAC0074341E /* PostPreviewViewController.m */ = {isa = PBXFileReference; fileEncoding = 4; lastKnownFileType = sourcecode.c.objc; name = PostPreviewViewController.m; path = "View Controllers/PostPreviewViewController.m"; sourceTree = "<group>"; };
		E4EE125FEFF727592DD7ADDC /* Pods-PostidTests.release.xcconfig */ = {isa = PBXFileReference; includeInIndex = 1; lastKnownFileType = text.xcconfig; name = "Pods-PostidTests.release.xcconfig"; path = "Pods/Target Support Files/Pods-PostidTests/Pods-PostidTests.release.xcconfig"; sourceTree = "<group>"; };
/* End PBXFileReference section */

/* Begin PBXFrameworksBuildPhase section */
		D48B21391B7FFF8500F8D659 /* Frameworks */ = {
			isa = PBXFrameworksBuildPhase;
			buildActionMask = 2147483647;
			files = (
				D47431A51B8BAAE60014C6CF /* libc++.dylib in Frameworks */,
				D41615F01B8AD3F300320977 /* AVFoundation.framework in Frameworks */,
				D4DA20B91B93D07F00C2E37C /* TwitterCore.framework in Frameworks */,
				D48B219A1B81194100F8D659 /* Crashlytics.framework in Frameworks */,
				D4DA20B71B93D07F00C2E37C /* DigitsKit.framework in Frameworks */,
				D48B21991B81194100F8D659 /* Fabric.framework in Frameworks */,
				0A6EBFC5010BAF7C9EA68C43 /* libPods-Postid.a in Frameworks */,
			);
			runOnlyForDeploymentPostprocessing = 0;
		};
		D48B21521B7FFF8500F8D659 /* Frameworks */ = {
			isa = PBXFrameworksBuildPhase;
			buildActionMask = 2147483647;
			files = (
				D296F597D57F6D06772E222F /* libPods-PostidTests.a in Frameworks */,
			);
			runOnlyForDeploymentPostprocessing = 0;
		};
/* End PBXFrameworksBuildPhase section */

/* Begin PBXGroup section */
		73A7624E53729B435916426C /* Frameworks */ = {
			isa = PBXGroup;
			children = (
				D47431A41B8BAAE60014C6CF /* libc++.dylib */,
				D41615EF1B8AD3F300320977 /* AVFoundation.framework */,
				1FE7C13E299049ACF2795577 /* libPods-Postid.a */,
				97D1180256A4FD99C03E62DB /* libPods-PostidTests.a */,
			);
			name = Frameworks;
			sourceTree = "<group>";
		};
		A06D37B2666182E0154AF047 /* Pods */ = {
			isa = PBXGroup;
			children = (
				7586DEB558736E01C184A878 /* Pods-Postid.debug.xcconfig */,
				633EB326B9B49333F5F283CD /* Pods-Postid.release.xcconfig */,
				C3BBBD31B7A355742133AE36 /* Pods-PostidTests.debug.xcconfig */,
				E4EE125FEFF727592DD7ADDC /* Pods-PostidTests.release.xcconfig */,
			);
			name = Pods;
			sourceTree = "<group>";
		};
		D41615E81B882BCD00320977 /* Models */ = {
			isa = PBXGroup;
			children = (
				D41615E91B882BF400320977 /* User.h */,
				D41615EA1B882BF400320977 /* User.m */,
			);
			name = Models;
			sourceTree = "<group>";
		};
		D41615F11B8AD4F700320977 /* CustomizableCamera */ = {
			isa = PBXGroup;
			children = (
				D41615F21B8AD4F700320977 /* Camera View */,
				D41615F51B8AD4F700320977 /* Graphical Assets */,
				D41616081B8AD4F700320977 /* Model Classes */,
			);
			path = CustomizableCamera;
			sourceTree = "<group>";
		};
		D41615F21B8AD4F700320977 /* Camera View */ = {
			isa = PBXGroup;
			children = (
				D41615F31B8AD4F700320977 /* CameraSessionView.h */,
				D41615F41B8AD4F700320977 /* CameraSessionView.m */,
			);
			path = "Camera View";
			sourceTree = "<group>";
		};
		D41615F51B8AD4F700320977 /* Graphical Assets */ = {
			isa = PBXGroup;
			children = (
				D41615F61B8AD4F700320977 /* CameraViewComponents */,
				D41616031B8AD4F700320977 /* Cool Camera Mockup.sketch */,
				D41616041B8AD4F700320977 /* PaintCodeFile.pcvd */,
				D41616051B8AD4F700320977 /* UI Assets */,
			);
			path = "Graphical Assets";
			sourceTree = "<group>";
		};
		D41615F61B8AD4F700320977 /* CameraViewComponents */ = {
			isa = PBXGroup;
			children = (
				D41615F71B8AD4F700320977 /* CameraDismissButton.h */,
				D41615F81B8AD4F700320977 /* CameraDismissButton.m */,
				D41615F91B8AD4F700320977 /* CameraFlashButton.h */,
				D41615FA1B8AD4F700320977 /* CameraFlashButton.m */,
				D41615FB1B8AD4F700320977 /* CameraFocalReticule.h */,
				D41615FC1B8AD4F700320977 /* CameraFocalReticule.m */,
				D41615FD1B8AD4F700320977 /* CameraShutterButton.h */,
				D41615FE1B8AD4F700320977 /* CameraShutterButton.m */,
				D41615FF1B8AD4F700320977 /* CameraToggleButton.h */,
				D41616001B8AD4F700320977 /* CameraToggleButton.m */,
				D41616011B8AD4F700320977 /* LaunchCameraButton.h */,
				D41616021B8AD4F700320977 /* LaunchCameraButton.m */,
			);
			path = CameraViewComponents;
			sourceTree = "<group>";
		};
		D41616051B8AD4F700320977 /* UI Assets */ = {
			isa = PBXGroup;
			children = (
				D41616061B8AD4F700320977 /* CameraStyleKitClass.h */,
				D41616071B8AD4F700320977 /* CameraStyleKitClass.m */,
			);
			path = "UI Assets";
			sourceTree = "<group>";
		};
		D41616081B8AD4F700320977 /* Model Classes */ = {
			isa = PBXGroup;
			children = (
				D41616091B8AD4F700320977 /* CaptureSessionManager.h */,
				D416160A1B8AD4F700320977 /* CaptureSessionManager.m */,
				D416160B1B8AD4F700320977 /* Constants.h */,
				D416160C1B8AD4F700320977 /* Constants.m */,
			);
			path = "Model Classes";
			sourceTree = "<group>";
		};
		D48B21331B7FFF8500F8D659 = {
			isa = PBXGroup;
			children = (
				D4DA20B41B93D07F00C2E37C /* DigitsKit.framework */,
				D4DA20B51B93D07F00C2E37C /* DigitsKitResources.bundle */,
				D4DA20B61B93D07F00C2E37C /* TwitterCore.framework */,
				D41615F11B8AD4F700320977 /* CustomizableCamera */,
				D48B21971B81194100F8D659 /* Fabric.framework */,
				D48B21981B81194100F8D659 /* Crashlytics.framework */,
				D48B213E1B7FFF8500F8D659 /* Postid */,
				D48B21581B7FFF8500F8D659 /* PostidTests */,
				D48B213D1B7FFF8500F8D659 /* Products */,
				A06D37B2666182E0154AF047 /* Pods */,
				73A7624E53729B435916426C /* Frameworks */,
			);
			sourceTree = "<group>";
		};
		D48B213D1B7FFF8500F8D659 /* Products */ = {
			isa = PBXGroup;
			children = (
				D48B213C1B7FFF8500F8D659 /* Postid.app */,
				D48B21551B7FFF8500F8D659 /* PostidTests.xctest */,
			);
			name = Products;
			sourceTree = "<group>";
		};
		D48B213E1B7FFF8500F8D659 /* Postid */ = {
			isa = PBXGroup;
			children = (
				D4C7D0B71B8AE3C5002F23B8 /* Utilities */,
				D48B21651B80459900F8D659 /* Core */,
				D48B21671B8045B600F8D659 /* Managers */,
				D41615E81B882BCD00320977 /* Models */,
				D48B21661B8045A300F8D659 /* UI */,
				D48B21691B804A3A00F8D659 /* Resources */,
				D48B213F1B7FFF8500F8D659 /* Supporting Files */,
			);
			path = Postid;
			sourceTree = "<group>";
		};
		D48B213F1B7FFF8500F8D659 /* Supporting Files */ = {
			isa = PBXGroup;
			children = (
				D48B21401B7FFF8500F8D659 /* Info.plist */,
				D48B21411B7FFF8500F8D659 /* main.m */,
			);
			name = "Supporting Files";
			sourceTree = "<group>";
		};
		D48B21581B7FFF8500F8D659 /* PostidTests */ = {
			isa = PBXGroup;
			children = (
				D48B215B1B7FFF8500F8D659 /* PostidTests.m */,
				D48B21591B7FFF8500F8D659 /* Supporting Files */,
			);
			path = PostidTests;
			sourceTree = "<group>";
		};
		D48B21591B7FFF8500F8D659 /* Supporting Files */ = {
			isa = PBXGroup;
			children = (
				D48B215A1B7FFF8500F8D659 /* Info.plist */,
			);
			name = "Supporting Files";
			sourceTree = "<group>";
		};
		D48B21651B80459900F8D659 /* Core */ = {
			isa = PBXGroup;
			children = (
				D4533EE01B8AD9DF00D2BFF4 /* Postid-PrefixHeader.pch */,
				D48B21431B7FFF8500F8D659 /* AppDelegate.h */,
				D48B21441B7FFF8500F8D659 /* AppDelegate.m */,
			);
			name = Core;
			sourceTree = "<group>";
		};
		D48B21661B8045A300F8D659 /* UI */ = {
			isa = PBXGroup;
			children = (
				D48B21911B810D0400F8D659 /* Views */,
				D48B21831B804D8400F8D659 /* View Controllers */,
				D48B21491B7FFF8500F8D659 /* Main.storyboard */,
				D48B214E1B7FFF8500F8D659 /* LaunchScreen.xib */,
				D48B214C1B7FFF8500F8D659 /* Images.xcassets */,
			);
			name = UI;
			sourceTree = "<group>";
		};
		D48B21671B8045B600F8D659 /* Managers */ = {
			isa = PBXGroup;
			children = (
				D41615DF1B88297800320977 /* HTTPManager.h */,
				D41615E01B88297800320977 /* HTTPManager.m */,
				D41615E21B882B8E00320977 /* PostidManager.h */,
				D41615E31B882B8E00320977 /* PostidManager.m */,
				D41615E51B882BA100320977 /* PostidApi.h */,
				D41615E61B882BA100320977 /* PostidApi.m */,
			);
			name = Managers;
			sourceTree = "<group>";
		};
		D48B21691B804A3A00F8D659 /* Resources */ = {
			isa = PBXGroup;
			children = (
				D48B216A1B804A5900F8D659 /* Fonts */,
			);
			name = Resources;
			sourceTree = "<group>";
		};
		D48B216A1B804A5900F8D659 /* Fonts */ = {
			isa = PBXGroup;
			children = (
				D48B216B1B804A8D00F8D659 /* Minimo-Bold-Oblique.otf */,
				D48B216C1B804A8D00F8D659 /* Minimo-Bold.otf */,
				D48B216D1B804A8D00F8D659 /* Minimo-Light-Oblique.otf */,
				D48B216E1B804A8D00F8D659 /* Minimo-Light.otf */,
				D48B216F1B804A8D00F8D659 /* Minimo-Medium-Oblique.otf */,
				D48B21701B804A8D00F8D659 /* Minimo-Medium.otf */,
				D48B21711B804A8D00F8D659 /* Minimo-Regular-Oblique.otf */,
				D48B21721B804A8D00F8D659 /* Minimo-Regular.otf */,
			);
			name = Fonts;
			sourceTree = "<group>";
		};
		D48B21831B804D8400F8D659 /* View Controllers */ = {
			isa = PBXGroup;
			children = (
				D4DA20BA1B94C66F00C2E37C /* Generic */,
				D48B21881B804DD100F8D659 /* Login */,
				D41615EC1B8AA02600320977 /* CameraViewController.h */,
				D41615ED1B8AA02600320977 /* CameraViewController.m */,
				D44EE92C1B8BED3F0091D1D5 /* ProfileViewController.h */,
				D44EE92D1B8BED3F0091D1D5 /* ProfileViewController.m */,
				D4DA20B11B93CEFF00C2E37C /* SearchViewController.h */,
				D4DA20B21B93CEFF00C2E37C /* SearchViewController.m */,
				D4DA20C11B94CC9F00C2E37C /* FeedViewController.h */,
				D4DA20C21B94CC9F00C2E37C /* FeedViewController.m */,
				D4EA655C1B9DFCAC0074341E /* PostPreviewViewController.h */,
				D4EA655D1B9DFCAC0074341E /* PostPreviewViewController.m */,
				D45A2F3D1B9FB9E800CCB099 /* FriendSearchController.h */,
				D45A2F3E1B9FB9E800CCB099 /* FriendSearchController.m */,
				D43A0FE71BAFBA8200CCDA07 /* PostSelectorViewController.h */,
				D43A0FE81BAFBA8200CCDA07 /* PostSelectorViewController.m */,
			);
			name = "View Controllers";
			sourceTree = "<group>";
		};
		D48B21881B804DD100F8D659 /* Login */ = {
			isa = PBXGroup;
			children = (
				D48B21841B804DCD00F8D659 /* AppEntryViewController.h */,
				D48B21851B804DCD00F8D659 /* AppEntryViewController.m */,
				D48B21891B810A8000F8D659 /* LoginViewController.h */,
				D48B218A1B810A8000F8D659 /* LoginViewController.m */,
				D48B21921B8114CA00F8D659 /* SignUpViewController.h */,
				D48B21931B8114CA00F8D659 /* SignUpViewController.m */,
			);
			name = Login;
			sourceTree = "<group>";
		};
		D48B21911B810D0400F8D659 /* Views */ = {
			isa = PBXGroup;
			children = (
				D48B218D1B810CB300F8D659 /* AppEntryTextField.h */,
				D48B218E1B810CB300F8D659 /* AppEntryTextField.m */,
				D4DA20BE1B94C80900C2E37C /* FeedCell.h */,
				D4DA20BF1B94C80900C2E37C /* FeedCell.m */,
				D4B50E771BA5185000DFC644 /* SearchCell.h */,
				D4B50E781BA5185000DFC644 /* SearchCell.m */,
				D43A0FE41BAFB95500CCDA07 /* AddPostCell.h */,
				D43A0FE51BAFB95500CCDA07 /* AddPostCell.m */,
			);
			name = Views;
			sourceTree = "<group>";
		};
		D4C7D0B71B8AE3C5002F23B8 /* Utilities */ = {
			isa = PBXGroup;
			children = (
				D4C7D0B81B8AE3F3002F23B8 /* GeneralUtilities.h */,
				D4C7D0B91B8AE3F3002F23B8 /* GeneralUtilities.m */,
			);
			name = Utilities;
			sourceTree = "<group>";
		};
		D4DA20BA1B94C66F00C2E37C /* Generic */ = {
			isa = PBXGroup;
			children = (
				D4DA20BB1B94C69300C2E37C /* GenericNavigationController.h */,
				D4DA20BC1B94C69300C2E37C /* GenericNavigationController.m */,
			);
			name = Generic;
			sourceTree = "<group>";
		};
/* End PBXGroup section */

/* Begin PBXNativeTarget section */
		D48B213B1B7FFF8500F8D659 /* Postid */ = {
			isa = PBXNativeTarget;
			buildConfigurationList = D48B215F1B7FFF8500F8D659 /* Build configuration list for PBXNativeTarget "Postid" */;
			buildPhases = (
				A917DC496C4C65526E4A6CC7 /* Check Pods Manifest.lock */,
				D48B21381B7FFF8500F8D659 /* Sources */,
				D48B21391B7FFF8500F8D659 /* Frameworks */,
				D48B213A1B7FFF8500F8D659 /* Resources */,
				D48B21961B8118E700F8D659 /* ShellScript */,
				1F943894C4523B179229CB58 /* Copy Pods Resources */,
			);
			buildRules = (
			);
			dependencies = (
			);
			name = Postid;
			productName = Postid;
			productReference = D48B213C1B7FFF8500F8D659 /* Postid.app */;
			productType = "com.apple.product-type.application";
		};
		D48B21541B7FFF8500F8D659 /* PostidTests */ = {
			isa = PBXNativeTarget;
			buildConfigurationList = D48B21621B7FFF8500F8D659 /* Build configuration list for PBXNativeTarget "PostidTests" */;
			buildPhases = (
				5C982C6337A0C0BA39AFD53F /* Check Pods Manifest.lock */,
				D48B21511B7FFF8500F8D659 /* Sources */,
				D48B21521B7FFF8500F8D659 /* Frameworks */,
				D48B21531B7FFF8500F8D659 /* Resources */,
				8975B17072101353BECDB890 /* Copy Pods Resources */,
			);
			buildRules = (
			);
			dependencies = (
				D48B21571B7FFF8500F8D659 /* PBXTargetDependency */,
			);
			name = PostidTests;
			productName = PostidTests;
			productReference = D48B21551B7FFF8500F8D659 /* PostidTests.xctest */;
			productType = "com.apple.product-type.bundle.unit-test";
		};
/* End PBXNativeTarget section */

/* Begin PBXProject section */
		D48B21341B7FFF8500F8D659 /* Project object */ = {
			isa = PBXProject;
			attributes = {
				LastUpgradeCheck = 0640;
				ORGANIZATIONNAME = "Philip Bale";
				TargetAttributes = {
					D48B213B1B7FFF8500F8D659 = {
						CreatedOnToolsVersion = 6.4;
						DevelopmentTeam = 9525LJ6YEJ;
					};
					D48B21541B7FFF8500F8D659 = {
						CreatedOnToolsVersion = 6.4;
						TestTargetID = D48B213B1B7FFF8500F8D659;
					};
				};
			};
			buildConfigurationList = D48B21371B7FFF8500F8D659 /* Build configuration list for PBXProject "Postid" */;
			compatibilityVersion = "Xcode 3.2";
			developmentRegion = English;
			hasScannedForEncodings = 0;
			knownRegions = (
				en,
				Base,
			);
			mainGroup = D48B21331B7FFF8500F8D659;
			productRefGroup = D48B213D1B7FFF8500F8D659 /* Products */;
			projectDirPath = "";
			projectRoot = "";
			targets = (
				D48B213B1B7FFF8500F8D659 /* Postid */,
				D48B21541B7FFF8500F8D659 /* PostidTests */,
			);
		};
/* End PBXProject section */

/* Begin PBXResourcesBuildPhase section */
		D48B213A1B7FFF8500F8D659 /* Resources */ = {
			isa = PBXResourcesBuildPhase;
			buildActionMask = 2147483647;
			files = (
				D48B21791B804A8D00F8D659 /* Minimo-Light.otf in Resources */,
				D48B21751B804A8D00F8D659 /* Minimo-Bold.otf in Resources */,
				D48B21771B804A8D00F8D659 /* Minimo-Light-Oblique.otf in Resources */,
				D48B214B1B7FFF8500F8D659 /* Main.storyboard in Resources */,
				D48B21811B804A8D00F8D659 /* Minimo-Regular.otf in Resources */,
				D48B21501B7FFF8500F8D659 /* LaunchScreen.xib in Resources */,
				D4DA20B81B93D07F00C2E37C /* DigitsKitResources.bundle in Resources */,
				D48B217B1B804A8D00F8D659 /* Minimo-Medium-Oblique.otf in Resources */,
				D48B217D1B804A8D00F8D659 /* Minimo-Medium.otf in Resources */,
				D41616151B8AD4F700320977 /* PaintCodeFile.pcvd in Resources */,
				D48B214D1B7FFF8500F8D659 /* Images.xcassets in Resources */,
				D48B21731B804A8D00F8D659 /* Minimo-Bold-Oblique.otf in Resources */,
				D41616141B8AD4F700320977 /* Cool Camera Mockup.sketch in Resources */,
				D48B217F1B804A8D00F8D659 /* Minimo-Regular-Oblique.otf in Resources */,
			);
			runOnlyForDeploymentPostprocessing = 0;
		};
		D48B21531B7FFF8500F8D659 /* Resources */ = {
			isa = PBXResourcesBuildPhase;
			buildActionMask = 2147483647;
			files = (
				D48B21741B804A8D00F8D659 /* Minimo-Bold-Oblique.otf in Resources */,
				D48B21821B804A8D00F8D659 /* Minimo-Regular.otf in Resources */,
				D48B217A1B804A8D00F8D659 /* Minimo-Light.otf in Resources */,
				D48B21781B804A8D00F8D659 /* Minimo-Light-Oblique.otf in Resources */,
				D48B217E1B804A8D00F8D659 /* Minimo-Medium.otf in Resources */,
				D48B21761B804A8D00F8D659 /* Minimo-Bold.otf in Resources */,
				D48B217C1B804A8D00F8D659 /* Minimo-Medium-Oblique.otf in Resources */,
				D48B21801B804A8D00F8D659 /* Minimo-Regular-Oblique.otf in Resources */,
			);
			runOnlyForDeploymentPostprocessing = 0;
		};
/* End PBXResourcesBuildPhase section */

/* Begin PBXShellScriptBuildPhase section */
		1F943894C4523B179229CB58 /* Copy Pods Resources */ = {
			isa = PBXShellScriptBuildPhase;
			buildActionMask = 2147483647;
			files = (
			);
			inputPaths = (
			);
			name = "Copy Pods Resources";
			outputPaths = (
			);
			runOnlyForDeploymentPostprocessing = 0;
			shellPath = /bin/sh;
			shellScript = "\"${SRCROOT}/Pods/Target Support Files/Pods-Postid/Pods-Postid-resources.sh\"\n";
			showEnvVarsInLog = 0;
		};
		5C982C6337A0C0BA39AFD53F /* Check Pods Manifest.lock */ = {
			isa = PBXShellScriptBuildPhase;
			buildActionMask = 2147483647;
			files = (
			);
			inputPaths = (
			);
			name = "Check Pods Manifest.lock";
			outputPaths = (
			);
			runOnlyForDeploymentPostprocessing = 0;
			shellPath = /bin/sh;
			shellScript = "diff \"${PODS_ROOT}/../Podfile.lock\" \"${PODS_ROOT}/Manifest.lock\" > /dev/null\nif [[ $? != 0 ]] ; then\n    cat << EOM\nerror: The sandbox is not in sync with the Podfile.lock. Run 'pod install' or update your CocoaPods installation.\nEOM\n    exit 1\nfi\n";
			showEnvVarsInLog = 0;
		};
		8975B17072101353BECDB890 /* Copy Pods Resources */ = {
			isa = PBXShellScriptBuildPhase;
			buildActionMask = 2147483647;
			files = (
			);
			inputPaths = (
			);
			name = "Copy Pods Resources";
			outputPaths = (
			);
			runOnlyForDeploymentPostprocessing = 0;
			shellPath = /bin/sh;
			shellScript = "\"${SRCROOT}/Pods/Target Support Files/Pods-PostidTests/Pods-PostidTests-resources.sh\"\n";
			showEnvVarsInLog = 0;
		};
		A917DC496C4C65526E4A6CC7 /* Check Pods Manifest.lock */ = {
			isa = PBXShellScriptBuildPhase;
			buildActionMask = 2147483647;
			files = (
			);
			inputPaths = (
			);
			name = "Check Pods Manifest.lock";
			outputPaths = (
			);
			runOnlyForDeploymentPostprocessing = 0;
			shellPath = /bin/sh;
			shellScript = "diff \"${PODS_ROOT}/../Podfile.lock\" \"${PODS_ROOT}/Manifest.lock\" > /dev/null\nif [[ $? != 0 ]] ; then\n    cat << EOM\nerror: The sandbox is not in sync with the Podfile.lock. Run 'pod install' or update your CocoaPods installation.\nEOM\n    exit 1\nfi\n";
			showEnvVarsInLog = 0;
		};
		D48B21961B8118E700F8D659 /* ShellScript */ = {
			isa = PBXShellScriptBuildPhase;
			buildActionMask = 2147483647;
			files = (
			);
			inputPaths = (
			);
			outputPaths = (
			);
			runOnlyForDeploymentPostprocessing = 0;
			shellPath = /bin/sh;
			shellScript = "./Fabric.framework/run 9341b20f47a3a523ec0b40d17388fa594df9e94b a748eb2e34b275d469c11a473c767e444d1ade23965a5f882def33eaa6970952";
		};
/* End PBXShellScriptBuildPhase section */

/* Begin PBXSourcesBuildPhase section */
		D48B21381B7FFF8500F8D659 /* Sources */ = {
			isa = PBXSourcesBuildPhase;
			buildActionMask = 2147483647;
			files = (
				D41615EB1B882BF400320977 /* User.m in Sources */,
				D41616171B8AD4F700320977 /* CaptureSessionManager.m in Sources */,
				D41615E41B882B8E00320977 /* PostidManager.m in Sources */,
				D41615E71B882BA100320977 /* PostidApi.m in Sources */,
				D41616131B8AD4F700320977 /* LaunchCameraButton.m in Sources */,
				D41616181B8AD4F700320977 /* Constants.m in Sources */,
				D48B218B1B810A8000F8D659 /* LoginViewController.m in Sources */,
				D44EE92E1B8BED3F0091D1D5 /* ProfileViewController.m in Sources */,
				D41616111B8AD4F700320977 /* CameraShutterButton.m in Sources */,
				D43A0FE61BAFB95500CCDA07 /* AddPostCell.m in Sources */,
				D48B218F1B810CB300F8D659 /* AppEntryTextField.m in Sources */,
				D41616121B8AD4F700320977 /* CameraToggleButton.m in Sources */,
				D4DA20BD1B94C69300C2E37C /* GenericNavigationController.m in Sources */,
				D41616161B8AD4F700320977 /* CameraStyleKitClass.m in Sources */,
				D4DA20C01B94C80900C2E37C /* FeedCell.m in Sources */,
				D48B21941B8114CA00F8D659 /* SignUpViewController.m in Sources */,
				D416160E1B8AD4F700320977 /* CameraDismissButton.m in Sources */,
				D4DA20C31B94CC9F00C2E37C /* FeedViewController.m in Sources */,
				D4EA655E1B9DFCAC0074341E /* PostPreviewViewController.m in Sources */,
				D416160D1B8AD4F700320977 /* CameraSessionView.m in Sources */,
				D41615EE1B8AA02600320977 /* CameraViewController.m in Sources */,
				D416160F1B8AD4F700320977 /* CameraFlashButton.m in Sources */,
				D48B21861B804DCD00F8D659 /* AppEntryViewController.m in Sources */,
				D41615E11B88297800320977 /* HTTPManager.m in Sources */,
				D48B21451B7FFF8500F8D659 /* AppDelegate.m in Sources */,
				D41616101B8AD4F700320977 /* CameraFocalReticule.m in Sources */,
				D48B21421B7FFF8500F8D659 /* main.m in Sources */,
				D4DA20B31B93CEFF00C2E37C /* SearchViewController.m in Sources */,
				D4B50E791BA5185000DFC644 /* SearchCell.m in Sources */,
				D43A0FE91BAFBA8200CCDA07 /* PostSelectorViewController.m in Sources */,
				D45A2F3F1B9FB9E800CCB099 /* FriendSearchController.m in Sources */,
				D4C7D0BA1B8AE3F3002F23B8 /* GeneralUtilities.m in Sources */,
			);
			runOnlyForDeploymentPostprocessing = 0;
		};
		D48B21511B7FFF8500F8D659 /* Sources */ = {
			isa = PBXSourcesBuildPhase;
			buildActionMask = 2147483647;
			files = (
				D48B215C1B7FFF8500F8D659 /* PostidTests.m in Sources */,
				D48B21951B8114CA00F8D659 /* SignUpViewController.m in Sources */,
				D48B21871B804DCD00F8D659 /* AppEntryViewController.m in Sources */,
				D48B21901B810CB300F8D659 /* AppEntryTextField.m in Sources */,
				D48B218C1B810A8000F8D659 /* LoginViewController.m in Sources */,
			);
			runOnlyForDeploymentPostprocessing = 0;
		};
/* End PBXSourcesBuildPhase section */

/* Begin PBXTargetDependency section */
		D48B21571B7FFF8500F8D659 /* PBXTargetDependency */ = {
			isa = PBXTargetDependency;
			target = D48B213B1B7FFF8500F8D659 /* Postid */;
			targetProxy = D48B21561B7FFF8500F8D659 /* PBXContainerItemProxy */;
		};
/* End PBXTargetDependency section */

/* Begin PBXVariantGroup section */
		D48B21491B7FFF8500F8D659 /* Main.storyboard */ = {
			isa = PBXVariantGroup;
			children = (
				D48B214A1B7FFF8500F8D659 /* Base */,
			);
			name = Main.storyboard;
			sourceTree = "<group>";
		};
		D48B214E1B7FFF8500F8D659 /* LaunchScreen.xib */ = {
			isa = PBXVariantGroup;
			children = (
				D48B214F1B7FFF8500F8D659 /* Base */,
			);
			name = LaunchScreen.xib;
			sourceTree = "<group>";
		};
/* End PBXVariantGroup section */

/* Begin XCBuildConfiguration section */
		D48B215D1B7FFF8500F8D659 /* Debug */ = {
			isa = XCBuildConfiguration;
			buildSettings = {
				ALWAYS_SEARCH_USER_PATHS = NO;
				CLANG_CXX_LANGUAGE_STANDARD = "gnu++0x";
				CLANG_CXX_LIBRARY = "libc++";
				CLANG_ENABLE_MODULES = YES;
				CLANG_ENABLE_OBJC_ARC = YES;
				CLANG_WARN_BOOL_CONVERSION = YES;
				CLANG_WARN_CONSTANT_CONVERSION = YES;
				CLANG_WARN_DIRECT_OBJC_ISA_USAGE = YES_ERROR;
				CLANG_WARN_EMPTY_BODY = YES;
				CLANG_WARN_ENUM_CONVERSION = YES;
				CLANG_WARN_INT_CONVERSION = YES;
				CLANG_WARN_OBJC_ROOT_CLASS = YES_ERROR;
				CLANG_WARN_UNREACHABLE_CODE = YES;
				CLANG_WARN__DUPLICATE_METHOD_MATCH = YES;
				"CODE_SIGN_IDENTITY[sdk=iphoneos*]" = "iPhone Developer";
				COPY_PHASE_STRIP = NO;
				DEBUG_INFORMATION_FORMAT = "dwarf-with-dsym";
				ENABLE_STRICT_OBJC_MSGSEND = YES;
				GCC_C_LANGUAGE_STANDARD = gnu99;
				GCC_DYNAMIC_NO_PIC = NO;
				GCC_NO_COMMON_BLOCKS = YES;
				GCC_OPTIMIZATION_LEVEL = 0;
				GCC_PREPROCESSOR_DEFINITIONS = (
					"DEBUG=1",
					"$(inherited)",
				);
				GCC_SYMBOLS_PRIVATE_EXTERN = NO;
				GCC_WARN_64_TO_32_BIT_CONVERSION = YES;
				GCC_WARN_ABOUT_RETURN_TYPE = YES_ERROR;
				GCC_WARN_UNDECLARED_SELECTOR = YES;
				GCC_WARN_UNINITIALIZED_AUTOS = YES_AGGRESSIVE;
				GCC_WARN_UNUSED_FUNCTION = YES;
				GCC_WARN_UNUSED_VARIABLE = YES;
				IPHONEOS_DEPLOYMENT_TARGET = 8.4;
				MTL_ENABLE_DEBUG_INFO = YES;
				ONLY_ACTIVE_ARCH = YES;
				SDKROOT = iphoneos;
				TARGETED_DEVICE_FAMILY = "1,2";
			};
			name = Debug;
		};
		D48B215E1B7FFF8500F8D659 /* Release */ = {
			isa = XCBuildConfiguration;
			buildSettings = {
				ALWAYS_SEARCH_USER_PATHS = NO;
				CLANG_CXX_LANGUAGE_STANDARD = "gnu++0x";
				CLANG_CXX_LIBRARY = "libc++";
				CLANG_ENABLE_MODULES = YES;
				CLANG_ENABLE_OBJC_ARC = YES;
				CLANG_WARN_BOOL_CONVERSION = YES;
				CLANG_WARN_CONSTANT_CONVERSION = YES;
				CLANG_WARN_DIRECT_OBJC_ISA_USAGE = YES_ERROR;
				CLANG_WARN_EMPTY_BODY = YES;
				CLANG_WARN_ENUM_CONVERSION = YES;
				CLANG_WARN_INT_CONVERSION = YES;
				CLANG_WARN_OBJC_ROOT_CLASS = YES_ERROR;
				CLANG_WARN_UNREACHABLE_CODE = YES;
				CLANG_WARN__DUPLICATE_METHOD_MATCH = YES;
				"CODE_SIGN_IDENTITY[sdk=iphoneos*]" = "iPhone Developer";
				COPY_PHASE_STRIP = NO;
				DEBUG_INFORMATION_FORMAT = "dwarf-with-dsym";
				ENABLE_NS_ASSERTIONS = NO;
				ENABLE_STRICT_OBJC_MSGSEND = YES;
				GCC_C_LANGUAGE_STANDARD = gnu99;
				GCC_NO_COMMON_BLOCKS = YES;
				GCC_WARN_64_TO_32_BIT_CONVERSION = YES;
				GCC_WARN_ABOUT_RETURN_TYPE = YES_ERROR;
				GCC_WARN_UNDECLARED_SELECTOR = YES;
				GCC_WARN_UNINITIALIZED_AUTOS = YES_AGGRESSIVE;
				GCC_WARN_UNUSED_FUNCTION = YES;
				GCC_WARN_UNUSED_VARIABLE = YES;
				IPHONEOS_DEPLOYMENT_TARGET = 8.4;
				MTL_ENABLE_DEBUG_INFO = NO;
				SDKROOT = iphoneos;
				TARGETED_DEVICE_FAMILY = "1,2";
				VALIDATE_PRODUCT = YES;
			};
			name = Release;
		};
		D48B21601B7FFF8500F8D659 /* Debug */ = {
			isa = XCBuildConfiguration;
			baseConfigurationReference = 7586DEB558736E01C184A878 /* Pods-Postid.debug.xcconfig */;
			buildSettings = {
				ASSETCATALOG_COMPILER_APPICON_NAME = AppIcon;
				CODE_SIGN_IDENTITY = "iPhone Developer";
				ENABLE_BITCODE = NO;
				FRAMEWORK_SEARCH_PATHS = (
					"$(inherited)",
					"$(PROJECT_DIR)",
				);
				GCC_PRECOMPILE_PREFIX_HEADER = YES;
				GCC_PREFIX_HEADER = "Postid/Core/Postid-PrefixHeader.pch";
				INFOPLIST_FILE = Postid/Info.plist;
				LD_RUNPATH_SEARCH_PATHS = "$(inherited) @executable_path/Frameworks";
				PRODUCT_NAME = "$(TARGET_NAME)";
			};
			name = Debug;
		};
		D48B21611B7FFF8500F8D659 /* Release */ = {
			isa = XCBuildConfiguration;
			baseConfigurationReference = 633EB326B9B49333F5F283CD /* Pods-Postid.release.xcconfig */;
			buildSettings = {
				ASSETCATALOG_COMPILER_APPICON_NAME = AppIcon;
				CODE_SIGN_IDENTITY = "iPhone Developer";
				ENABLE_BITCODE = NO;
				FRAMEWORK_SEARCH_PATHS = (
					"$(inherited)",
					"$(PROJECT_DIR)",
				);
				GCC_PRECOMPILE_PREFIX_HEADER = YES;
				GCC_PREFIX_HEADER = "Postid/Core/Postid-PrefixHeader.pch";
				INFOPLIST_FILE = Postid/Info.plist;
				LD_RUNPATH_SEARCH_PATHS = "$(inherited) @executable_path/Frameworks";
				PRODUCT_NAME = "$(TARGET_NAME)";
			};
			name = Release;
		};
		D48B21631B7FFF8500F8D659 /* Debug */ = {
			isa = XCBuildConfiguration;
			baseConfigurationReference = C3BBBD31B7A355742133AE36 /* Pods-PostidTests.debug.xcconfig */;
			buildSettings = {
				BUNDLE_LOADER = "$(TEST_HOST)";
				FRAMEWORK_SEARCH_PATHS = (
					"$(SDKROOT)/Developer/Library/Frameworks",
					"$(inherited)",
				);
				GCC_PREPROCESSOR_DEFINITIONS = (
					"DEBUG=1",
					"$(inherited)",
				);
				INFOPLIST_FILE = PostidTests/Info.plist;
				LD_RUNPATH_SEARCH_PATHS = "$(inherited) @executable_path/Frameworks @loader_path/Frameworks";
				PRODUCT_NAME = "$(TARGET_NAME)";
				TEST_HOST = "$(BUILT_PRODUCTS_DIR)/Postid.app/Postid";
			};
			name = Debug;
		};
		D48B21641B7FFF8500F8D659 /* Release */ = {
			isa = XCBuildConfiguration;
			baseConfigurationReference = E4EE125FEFF727592DD7ADDC /* Pods-PostidTests.release.xcconfig */;
			buildSettings = {
				BUNDLE_LOADER = "$(TEST_HOST)";
				FRAMEWORK_SEARCH_PATHS = (
					"$(SDKROOT)/Developer/Library/Frameworks",
					"$(inherited)",
				);
				INFOPLIST_FILE = PostidTests/Info.plist;
				LD_RUNPATH_SEARCH_PATHS = "$(inherited) @executable_path/Frameworks @loader_path/Frameworks";
				PRODUCT_NAME = "$(TARGET_NAME)";
				TEST_HOST = "$(BUILT_PRODUCTS_DIR)/Postid.app/Postid";
			};
			name = Release;
		};
/* End XCBuildConfiguration section */

/* Begin XCConfigurationList section */
		D48B21371B7FFF8500F8D659 /* Build configuration list for PBXProject "Postid" */ = {
			isa = XCConfigurationList;
			buildConfigurations = (
				D48B215D1B7FFF8500F8D659 /* Debug */,
				D48B215E1B7FFF8500F8D659 /* Release */,
			);
			defaultConfigurationIsVisible = 0;
			defaultConfigurationName = Release;
		};
		D48B215F1B7FFF8500F8D659 /* Build configuration list for PBXNativeTarget "Postid" */ = {
			isa = XCConfigurationList;
			buildConfigurations = (
				D48B21601B7FFF8500F8D659 /* Debug */,
				D48B21611B7FFF8500F8D659 /* Release */,
			);
			defaultConfigurationIsVisible = 0;
			defaultConfigurationName = Release;
		};
		D48B21621B7FFF8500F8D659 /* Build configuration list for PBXNativeTarget "PostidTests" */ = {
			isa = XCConfigurationList;
			buildConfigurations = (
				D48B21631B7FFF8500F8D659 /* Debug */,
				D48B21641B7FFF8500F8D659 /* Release */,
			);
			defaultConfigurationIsVisible = 0;
			defaultConfigurationName = Release;
		};
/* End XCConfigurationList section */
	};
	rootObject = D48B21341B7FFF8500F8D659 /* Project object */;
}
