// !$*UTF8*$!
{
	archiveVersion = 1;
	classes = {
	};
	objectVersion = 46;
	objects = {

/* Begin PBXBuildFile section */
		D48B21421B7FFF8500F8D659 /* main.m in Sources */ = {isa = PBXBuildFile; fileRef = D48B21411B7FFF8500F8D659 /* main.m */; };
		D48B21451B7FFF8500F8D659 /* AppDelegate.m in Sources */ = {isa = PBXBuildFile; fileRef = D48B21441B7FFF8500F8D659 /* AppDelegate.m */; };
		D48B21481B7FFF8500F8D659 /* ViewController.m in Sources */ = {isa = PBXBuildFile; fileRef = D48B21471B7FFF8500F8D659 /* ViewController.m */; };
		D48B214B1B7FFF8500F8D659 /* Main.storyboard in Resources */ = {isa = PBXBuildFile; fileRef = D48B21491B7FFF8500F8D659 /* Main.storyboard */; };
		D48B214D1B7FFF8500F8D659 /* Images.xcassets in Resources */ = {isa = PBXBuildFile; fileRef = D48B214C1B7FFF8500F8D659 /* Images.xcassets */; };
		D48B21501B7FFF8500F8D659 /* LaunchScreen.xib in Resources */ = {isa = PBXBuildFile; fileRef = D48B214E1B7FFF8500F8D659 /* LaunchScreen.xib */; };
		D48B215C1B7FFF8500F8D659 /* PostidTests.m in Sources */ = {isa = PBXBuildFile; fileRef = D48B215B1B7FFF8500F8D659 /* PostidTests.m */; };
/* End PBXBuildFile section */

/* Begin PBXContainerItemProxy section */
		D48B21561B7FFF8500F8D659 /* PBXContainerItemProxy */ = {
			isa = PBXContainerItemProxy;
			containerPortal = D48B21341B7FFF8500F8D659 /* Project object */;
			proxyType = 1;
			remoteGlobalIDString = D48B213B1B7FFF8500F8D659;
			remoteInfo = Postid;
		};
/* End PBXContainerItemProxy section */

/* Begin PBXFileReference section */
		D48B213C1B7FFF8500F8D659 /* Postid.app */ = {isa = PBXFileReference; explicitFileType = wrapper.application; includeInIndex = 0; path = Postid.app; sourceTree = BUILT_PRODUCTS_DIR; };
		D48B21401B7FFF8500F8D659 /* Info.plist */ = {isa = PBXFileReference; lastKnownFileType = text.plist.xml; path = Info.plist; sourceTree = "<group>"; };
		D48B21411B7FFF8500F8D659 /* main.m */ = {isa = PBXFileReference; lastKnownFileType = sourcecode.c.objc; path = main.m; sourceTree = "<group>"; };
		D48B21431B7FFF8500F8D659 /* AppDelegate.h */ = {isa = PBXFileReference; lastKnownFileType = sourcecode.c.h; path = AppDelegate.h; sourceTree = "<group>"; };
		D48B21441B7FFF8500F8D659 /* AppDelegate.m */ = {isa = PBXFileReference; lastKnownFileType = sourcecode.c.objc; path = AppDelegate.m; sourceTree = "<group>"; };
		D48B21461B7FFF8500F8D659 /* ViewController.h */ = {isa = PBXFileReference; lastKnownFileType = sourcecode.c.h; path = ViewController.h; sourceTree = "<group>"; };
		D48B21471B7FFF8500F8D659 /* ViewController.m */ = {isa = PBXFileReference; lastKnownFileType = sourcecode.c.objc; path = ViewController.m; sourceTree = "<group>"; };
		D48B214A1B7FFF8500F8D659 /* Base */ = {isa = PBXFileReference; lastKnownFileType = file.storyboard; name = Base; path = Base.lproj/Main.storyboard; sourceTree = "<group>"; };
		D48B214C1B7FFF8500F8D659 /* Images.xcassets */ = {isa = PBXFileReference; lastKnownFileType = folder.assetcatalog; path = Images.xcassets; sourceTree = "<group>"; };
		D48B214F1B7FFF8500F8D659 /* Base */ = {isa = PBXFileReference; lastKnownFileType = file.xib; name = Base; path = Base.lproj/LaunchScreen.xib; sourceTree = "<group>"; };
		D48B21551B7FFF8500F8D659 /* PostidTests.xctest */ = {isa = PBXFileReference; explicitFileType = wrapper.cfbundle; includeInIndex = 0; path = PostidTests.xctest; sourceTree = BUILT_PRODUCTS_DIR; };
		D48B215A1B7FFF8500F8D659 /* Info.plist */ = {isa = PBXFileReference; lastKnownFileType = text.plist.xml; path = Info.plist; sourceTree = "<group>"; };
		D48B215B1B7FFF8500F8D659 /* PostidTests.m */ = {isa = PBXFileReference; lastKnownFileType = sourcecode.c.objc; path = PostidTests.m; sourceTree = "<group>"; };
/* End PBXFileReference section */

/* Begin PBXFrameworksBuildPhase section */
		D48B21391B7FFF8500F8D659 /* Frameworks */ = {
			isa = PBXFrameworksBuildPhase;
			buildActionMask = 2147483647;
			files = (
			);
			runOnlyForDeploymentPostprocessing = 0;
		};
		D48B21521B7FFF8500F8D659 /* Frameworks */ = {
			isa = PBXFrameworksBuildPhase;
			buildActionMask = 2147483647;
			files = (
			);
			runOnlyForDeploymentPostprocessing = 0;
		};
/* End PBXFrameworksBuildPhase section */

/* Begin PBXGroup section */
		D48B21331B7FFF8500F8D659 = {
			isa = PBXGroup;
			children = (
				D48B213E1B7FFF8500F8D659 /* Postid */,
				D48B21581B7FFF8500F8D659 /* PostidTests */,
				D48B213D1B7FFF8500F8D659 /* Products */,
			);
			sourceTree = "<group>";
		};
		D48B213D1B7FFF8500F8D659 /* Products */ = {
			isa = PBXGroup;
			children = (
				D48B213C1B7FFF8500F8D659 /* Postid.app */,
				D48B21551B7FFF8500F8D659 /* PostidTests.xctest */,
			);
			name = Products;
			sourceTree = "<group>";
		};
		D48B213E1B7FFF8500F8D659 /* Postid */ = {
			isa = PBXGroup;
			children = (
				D48B21431B7FFF8500F8D659 /* AppDelegate.h */,
				D48B21441B7FFF8500F8D659 /* AppDelegate.m */,
				D48B21461B7FFF8500F8D659 /* ViewController.h */,
				D48B21471B7FFF8500F8D659 /* ViewController.m */,
				D48B21491B7FFF8500F8D659 /* Main.storyboard */,
				D48B214C1B7FFF8500F8D659 /* Images.xcassets */,
				D48B214E1B7FFF8500F8D659 /* LaunchScreen.xib */,
				D48B213F1B7FFF8500F8D659 /* Supporting Files */,
			);
			path = Postid;
			sourceTree = "<group>";
		};
		D48B213F1B7FFF8500F8D659 /* Supporting Files */ = {
			isa = PBXGroup;
			children = (
				D48B21401B7FFF8500F8D659 /* Info.plist */,
				D48B21411B7FFF8500F8D659 /* main.m */,
			);
			name = "Supporting Files";
			sourceTree = "<group>";
		};
		D48B21581B7FFF8500F8D659 /* PostidTests */ = {
			isa = PBXGroup;
			children = (
				D48B215B1B7FFF8500F8D659 /* PostidTests.m */,
				D48B21591B7FFF8500F8D659 /* Supporting Files */,
			);
			path = PostidTests;
			sourceTree = "<group>";
		};
		D48B21591B7FFF8500F8D659 /* Supporting Files */ = {
			isa = PBXGroup;
			children = (
				D48B215A1B7FFF8500F8D659 /* Info.plist */,
			);
			name = "Supporting Files";
			sourceTree = "<group>";
		};
/* End PBXGroup section */

/* Begin PBXNativeTarget section */
		D48B213B1B7FFF8500F8D659 /* Postid */ = {
			isa = PBXNativeTarget;
			buildConfigurationList = D48B215F1B7FFF8500F8D659 /* Build configuration list for PBXNativeTarget "Postid" */;
			buildPhases = (
				D48B21381B7FFF8500F8D659 /* Sources */,
				D48B21391B7FFF8500F8D659 /* Frameworks */,
				D48B213A1B7FFF8500F8D659 /* Resources */,
			);
			buildRules = (
			);
			dependencies = (
			);
			name = Postid;
			productName = Postid;
			productReference = D48B213C1B7FFF8500F8D659 /* Postid.app */;
			productType = "com.apple.product-type.application";
		};
		D48B21541B7FFF8500F8D659 /* PostidTests */ = {
			isa = PBXNativeTarget;
			buildConfigurationList = D48B21621B7FFF8500F8D659 /* Build configuration list for PBXNativeTarget "PostidTests" */;
			buildPhases = (
				D48B21511B7FFF8500F8D659 /* Sources */,
				D48B21521B7FFF8500F8D659 /* Frameworks */,
				D48B21531B7FFF8500F8D659 /* Resources */,
			);
			buildRules = (
			);
			dependencies = (
				D48B21571B7FFF8500F8D659 /* PBXTargetDependency */,
			);
			name = PostidTests;
			productName = PostidTests;
			productReference = D48B21551B7FFF8500F8D659 /* PostidTests.xctest */;
			productType = "com.apple.product-type.bundle.unit-test";
		};
/* End PBXNativeTarget section */

/* Begin PBXProject section */
		D48B21341B7FFF8500F8D659 /* Project object */ = {
			isa = PBXProject;
			attributes = {
				LastUpgradeCheck = 0640;
				ORGANIZATIONNAME = "Philip Bale";
				TargetAttributes = {
					D48B213B1B7FFF8500F8D659 = {
						CreatedOnToolsVersion = 6.4;
					};
					D48B21541B7FFF8500F8D659 = {
						CreatedOnToolsVersion = 6.4;
						TestTargetID = D48B213B1B7FFF8500F8D659;
					};
				};
			};
			buildConfigurationList = D48B21371B7FFF8500F8D659 /* Build configuration list for PBXProject "Postid" */;
			compatibilityVersion = "Xcode 3.2";
			developmentRegion = English;
			hasScannedForEncodings = 0;
			knownRegions = (
				en,
				Base,
			);
			mainGroup = D48B21331B7FFF8500F8D659;
			productRefGroup = D48B213D1B7FFF8500F8D659 /* Products */;
			projectDirPath = "";
			projectRoot = "";
			targets = (
				D48B213B1B7FFF8500F8D659 /* Postid */,
				D48B21541B7FFF8500F8D659 /* PostidTests */,
			);
		};
/* End PBXProject section */

/* Begin PBXResourcesBuildPhase section */
		D48B213A1B7FFF8500F8D659 /* Resources */ = {
			isa = PBXResourcesBuildPhase;
			buildActionMask = 2147483647;
			files = (
				D48B214B1B7FFF8500F8D659 /* Main.storyboard in Resources */,
				D48B21501B7FFF8500F8D659 /* LaunchScreen.xib in Resources */,
				D48B214D1B7FFF8500F8D659 /* Images.xcassets in Resources */,
			);
			runOnlyForDeploymentPostprocessing = 0;
		};
		D48B21531B7FFF8500F8D659 /* Resources */ = {
			isa = PBXResourcesBuildPhase;
			buildActionMask = 2147483647;
			files = (
			);
			runOnlyForDeploymentPostprocessing = 0;
		};
/* End PBXResourcesBuildPhase section */

/* Begin PBXSourcesBuildPhase section */
		D48B21381B7FFF8500F8D659 /* Sources */ = {
			isa = PBXSourcesBuildPhase;
			buildActionMask = 2147483647;
			files = (
				D48B21481B7FFF8500F8D659 /* ViewController.m in Sources */,
				D48B21451B7FFF8500F8D659 /* AppDelegate.m in Sources */,
				D48B21421B7FFF8500F8D659 /* main.m in Sources */,
			);
			runOnlyForDeploymentPostprocessing = 0;
		};
		D48B21511B7FFF8500F8D659 /* Sources */ = {
			isa = PBXSourcesBuildPhase;
			buildActionMask = 2147483647;
			files = (
				D48B215C1B7FFF8500F8D659 /* PostidTests.m in Sources */,
			);
			runOnlyForDeploymentPostprocessing = 0;
		};
/* End PBXSourcesBuildPhase section */

/* Begin PBXTargetDependency section */
		D48B21571B7FFF8500F8D659 /* PBXTargetDependency */ = {
			isa = PBXTargetDependency;
			target = D48B213B1B7FFF8500F8D659 /* Postid */;
			targetProxy = D48B21561B7FFF8500F8D659 /* PBXContainerItemProxy */;
		};
/* End PBXTargetDependency section */

/* Begin PBXVariantGroup section */
		D48B21491B7FFF8500F8D659 /* Main.storyboard */ = {
			isa = PBXVariantGroup;
			children = (
				D48B214A1B7FFF8500F8D659 /* Base */,
			);
			name = Main.storyboard;
			sourceTree = "<group>";
		};
		D48B214E1B7FFF8500F8D659 /* LaunchScreen.xib */ = {
			isa = PBXVariantGroup;
			children = (
				D48B214F1B7FFF8500F8D659 /* Base */,
			);
			name = LaunchScreen.xib;
			sourceTree = "<group>";
		};
/* End PBXVariantGroup section */

/* Begin XCBuildConfiguration section */
		D48B215D1B7FFF8500F8D659 /* Debug */ = {
			isa = XCBuildConfiguration;
			buildSettings = {
				ALWAYS_SEARCH_USER_PATHS = NO;
				CLANG_CXX_LANGUAGE_STANDARD = "gnu++0x";
				CLANG_CXX_LIBRARY = "libc++";
				CLANG_ENABLE_MODULES = YES;
				CLANG_ENABLE_OBJC_ARC = YES;
				CLANG_WARN_BOOL_CONVERSION = YES;
				CLANG_WARN_CONSTANT_CONVERSION = YES;
				CLANG_WARN_DIRECT_OBJC_ISA_USAGE = YES_ERROR;
				CLANG_WARN_EMPTY_BODY = YES;
				CLANG_WARN_ENUM_CONVERSION = YES;
				CLANG_WARN_INT_CONVERSION = YES;
				CLANG_WARN_OBJC_ROOT_CLASS = YES_ERROR;
				CLANG_WARN_UNREACHABLE_CODE = YES;
				CLANG_WARN__DUPLICATE_METHOD_MATCH = YES;
				"CODE_SIGN_IDENTITY[sdk=iphoneos*]" = "iPhone Developer";
				COPY_PHASE_STRIP = NO;
				DEBUG_INFORMATION_FORMAT = "dwarf-with-dsym";
				ENABLE_STRICT_OBJC_MSGSEND = YES;
				GCC_C_LANGUAGE_STANDARD = gnu99;
				GCC_DYNAMIC_NO_PIC = NO;
				GCC_NO_COMMON_BLOCKS = YES;
				GCC_OPTIMIZATION_LEVEL = 0;
				GCC_PREPROCESSOR_DEFINITIONS = (
					"DEBUG=1",
					"$(inherited)",
				);
				GCC_SYMBOLS_PRIVATE_EXTERN = NO;
				GCC_WARN_64_TO_32_BIT_CONVERSION = YES;
				GCC_WARN_ABOUT_RETURN_TYPE = YES_ERROR;
				GCC_WARN_UNDECLARED_SELECTOR = YES;
				GCC_WARN_UNINITIALIZED_AUTOS = YES_AGGRESSIVE;
				GCC_WARN_UNUSED_FUNCTION = YES;
				GCC_WARN_UNUSED_VARIABLE = YES;
				IPHONEOS_DEPLOYMENT_TARGET = 8.4;
				MTL_ENABLE_DEBUG_INFO = YES;
				ONLY_ACTIVE_ARCH = YES;
				SDKROOT = iphoneos;
				TARGETED_DEVICE_FAMILY = "1,2";
			};
			name = Debug;
		};
		D48B215E1B7FFF8500F8D659 /* Release */ = {
			isa = XCBuildConfiguration;
			buildSettings = {
				ALWAYS_SEARCH_USER_PATHS = NO;
				CLANG_CXX_LANGUAGE_STANDARD = "gnu++0x";
				CLANG_CXX_LIBRARY = "libc++";
				CLANG_ENABLE_MODULES = YES;
				CLANG_ENABLE_OBJC_ARC = YES;
				CLANG_WARN_BOOL_CONVERSION = YES;
				CLANG_WARN_CONSTANT_CONVERSION = YES;
				CLANG_WARN_DIRECT_OBJC_ISA_USAGE = YES_ERROR;
				CLANG_WARN_EMPTY_BODY = YES;
				CLANG_WARN_ENUM_CONVERSION = YES;
				CLANG_WARN_INT_CONVERSION = YES;
				CLANG_WARN_OBJC_ROOT_CLASS = YES_ERROR;
				CLANG_WARN_UNREACHABLE_CODE = YES;
				CLANG_WARN__DUPLICATE_METHOD_MATCH = YES;
				"CODE_SIGN_IDENTITY[sdk=iphoneos*]" = "iPhone Developer";
				COPY_PHASE_STRIP = NO;
				DEBUG_INFORMATION_FORMAT = "dwarf-with-dsym";
				ENABLE_NS_ASSERTIONS = NO;
				ENABLE_STRICT_OBJC_MSGSEND = YES;
				GCC_C_LANGUAGE_STANDARD = gnu99;
				GCC_NO_COMMON_BLOCKS = YES;
				GCC_WARN_64_TO_32_BIT_CONVERSION = YES;
				GCC_WARN_ABOUT_RETURN_TYPE = YES_ERROR;
				GCC_WARN_UNDECLARED_SELECTOR = YES;
				GCC_WARN_UNINITIALIZED_AUTOS = YES_AGGRESSIVE;
				GCC_WARN_UNUSED_FUNCTION = YES;
				GCC_WARN_UNUSED_VARIABLE = YES;
				IPHONEOS_DEPLOYMENT_TARGET = 8.4;
				MTL_ENABLE_DEBUG_INFO = NO;
				SDKROOT = iphoneos;
				TARGETED_DEVICE_FAMILY = "1,2";
				VALIDATE_PRODUCT = YES;
			};
			name = Release;
		};
		D48B21601B7FFF8500F8D659 /* Debug */ = {
			isa = XCBuildConfiguration;
			buildSettings = {
				ASSETCATALOG_COMPILER_APPICON_NAME = AppIcon;
				INFOPLIST_FILE = Postid/Info.plist;
				LD_RUNPATH_SEARCH_PATHS = "$(inherited) @executable_path/Frameworks";
				PRODUCT_NAME = "$(TARGET_NAME)";
			};
			name = Debug;
		};
		D48B21611B7FFF8500F8D659 /* Release */ = {
			isa = XCBuildConfiguration;
			buildSettings = {
				ASSETCATALOG_COMPILER_APPICON_NAME = AppIcon;
				INFOPLIST_FILE = Postid/Info.plist;
				LD_RUNPATH_SEARCH_PATHS = "$(inherited) @executable_path/Frameworks";
				PRODUCT_NAME = "$(TARGET_NAME)";
			};
			name = Release;
		};
		D48B21631B7FFF8500F8D659 /* Debug */ = {
			isa = XCBuildConfiguration;
			buildSettings = {
				BUNDLE_LOADER = "$(TEST_HOST)";
				FRAMEWORK_SEARCH_PATHS = (
					"$(SDKROOT)/Developer/Library/Frameworks",
					"$(inherited)",
				);
				GCC_PREPROCESSOR_DEFINITIONS = (
					"DEBUG=1",
					"$(inherited)",
				);
				INFOPLIST_FILE = PostidTests/Info.plist;
				LD_RUNPATH_SEARCH_PATHS = "$(inherited) @executable_path/Frameworks @loader_path/Frameworks";
				PRODUCT_NAME = "$(TARGET_NAME)";
				TEST_HOST = "$(BUILT_PRODUCTS_DIR)/Postid.app/Postid";
			};
			name = Debug;
		};
		D48B21641B7FFF8500F8D659 /* Release */ = {
			isa = XCBuildConfiguration;
			buildSettings = {
				BUNDLE_LOADER = "$(TEST_HOST)";
				FRAMEWORK_SEARCH_PATHS = (
					"$(SDKROOT)/Developer/Library/Frameworks",
					"$(inherited)",
				);
				INFOPLIST_FILE = PostidTests/Info.plist;
				LD_RUNPATH_SEARCH_PATHS = "$(inherited) @executable_path/Frameworks @loader_path/Frameworks";
				PRODUCT_NAME = "$(TARGET_NAME)";
				TEST_HOST = "$(BUILT_PRODUCTS_DIR)/Postid.app/Postid";
			};
			name = Release;
		};
/* End XCBuildConfiguration section */

/* Begin XCConfigurationList section */
		D48B21371B7FFF8500F8D659 /* Build configuration list for PBXProject "Postid" */ = {
			isa = XCConfigurationList;
			buildConfigurations = (
				D48B215D1B7FFF8500F8D659 /* Debug */,
				D48B215E1B7FFF8500F8D659 /* Release */,
			);
			defaultConfigurationIsVisible = 0;
			defaultConfigurationName = Release;
		};
		D48B215F1B7FFF8500F8D659 /* Build configuration list for PBXNativeTarget "Postid" */ = {
			isa = XCConfigurationList;
			buildConfigurations = (
				D48B21601B7FFF8500F8D659 /* Debug */,
				D48B21611B7FFF8500F8D659 /* Release */,
			);
			defaultConfigurationIsVisible = 0;
		};
		D48B21621B7FFF8500F8D659 /* Build configuration list for PBXNativeTarget "PostidTests" */ = {
			isa = XCConfigurationList;
			buildConfigurations = (
				D48B21631B7FFF8500F8D659 /* Debug */,
				D48B21641B7FFF8500F8D659 /* Release */,
			);
			defaultConfigurationIsVisible = 0;
		};
/* End XCConfigurationList section */
	};
	rootObject = D48B21341B7FFF8500F8D659 /* Project object */;
}
