PODS:
  - AFNetworking (2.6.0):
    - AFNetworking/NSURLConnection (= 2.6.0)
    - AFNetworking/NSURLSession (= 2.6.0)
    - AFNetworking/Reachability (= 2.6.0)
    - AFNetworking/Security (= 2.6.0)
    - AFNetworking/Serialization (= 2.6.0)
    - AFNetworking/UIKit (= 2.6.0)
  - AFNetworking/NSURLConnection (2.6.0):
    - AFNetworking/Reachability
    - AFNetworking/Security
    - AFNetworking/Serialization
  - AFNetworking/NSURLSession (2.6.0):
    - AFNetworking/Reachability
    - AFNetworking/Security
    - AFNetworking/Serialization
  - AFNetworking/Reachability (2.6.0)
  - AFNetworking/Security (2.6.0)
  - AFNetworking/Serialization (2.6.0)
  - AFNetworking/UIKit (2.6.0):
    - AFNetworking/NSURLConnection
    - AFNetworking/NSURLSession
  - AWSCognito (2.2.6):
    - AWSCore (= 2.2.6)
  - AWSCore (2.2.6)
  - AWSS3 (2.2.6):
    - AWSCore (= 2.2.6)
  - Realm (0.94.1):
    - Realm/Headers (= 0.94.1)
  - Realm/Headers (0.94.1)
  - SDWebImage (3.7.3):
    - SDWebImage/Core (= 3.7.3)
  - SDWebImage/Core (3.7.3)

DEPENDENCIES:
  - AFNetworking
  - AWSCognito
  - AWSCore
  - AWSS3
  - Realm
  - SDWebImage (~> 3.7)

SPEC CHECKSUMS:
  AFNetworking: 79f7eb1a0fcfa7beb409332b2ca49afe9ce53b05
  AWSCognito: 4cb0bd389dedf6673048609408577bb6c871422b
  AWSCore: dd05203bf44d45b58b7667754ce4fa6f1bdb1c3e
  AWSS3: a8aeb5f8224236c2b1b46fdab14add3eff971fc4
  Realm: d999a6cf0b41577a077349c9cc9d496cc62a7d17
  SDWebImage: 1d2b1a1efda1ade1b00b6f8498865f8ddedc8a84

COCOAPODS: 0.37.2
